// !$*UTF8*$!
{
	archiveVersion = 1;
	classes = {
	};
	objectVersion = 55;
	objects = {

/* Begin PBXBuildFile section */
		AE71D1212886C54100B10E6C /* AppDelegate.swift in Sources */ = {isa = PBXBuildFile; fileRef = AE71D1202886C54100B10E6C /* AppDelegate.swift */; };
		AE71D1232886C54100B10E6C /* SceneDelegate.swift in Sources */ = {isa = PBXBuildFile; fileRef = AE71D1222886C54100B10E6C /* SceneDelegate.swift */; };
		AE71D1252886C54100B10E6C /* ViewController.swift in Sources */ = {isa = PBXBuildFile; fileRef = AE71D1242886C54100B10E6C /* ViewController.swift */; };
		AE71D1282886C54100B10E6C /* Main.storyboard in Resources */ = {isa = PBXBuildFile; fileRef = AE71D1262886C54100B10E6C /* Main.storyboard */; };
		AE71D12B2886C54100B10E6C /* TodoList.xcdatamodeld in Sources */ = {isa = PBXBuildFile; fileRef = AE71D1292886C54100B10E6C /* TodoList.xcdatamodeld */; };
		AE71D12D2886C54300B10E6C /* Assets.xcassets in Resources */ = {isa = PBXBuildFile; fileRef = AE71D12C2886C54300B10E6C /* Assets.xcassets */; };
		AE71D1302886C54300B10E6C /* LaunchScreen.storyboard in Resources */ = {isa = PBXBuildFile; fileRef = AE71D12E2886C54300B10E6C /* LaunchScreen.storyboard */; };
		AE71D13B2886C54300B10E6C /* TodoListTests.swift in Sources */ = {isa = PBXBuildFile; fileRef = AE71D13A2886C54300B10E6C /* TodoListTests.swift */; };
		AE71D1452886C54300B10E6C /* TodoListUITests.swift in Sources */ = {isa = PBXBuildFile; fileRef = AE71D1442886C54300B10E6C /* TodoListUITests.swift */; };
		AE71D1472886C54300B10E6C /* TodoListUITestsLaunchTests.swift in Sources */ = {isa = PBXBuildFile; fileRef = AE71D1462886C54300B10E6C /* TodoListUITestsLaunchTests.swift */; };
		AE71D1542886C87B00B10E6C /* TodoCell.swift in Sources */ = {isa = PBXBuildFile; fileRef = AE71D1532886C87A00B10E6C /* TodoCell.swift */; };
		AE71D1572886D06700B10E6C /* TodoDetailViewController.swift in Sources */ = {isa = PBXBuildFile; fileRef = AE71D1552886D06700B10E6C /* TodoDetailViewController.swift */; };
		AE71D1582886D06700B10E6C /* TodoDetailViewController.xib in Resources */ = {isa = PBXBuildFile; fileRef = AE71D1562886D06700B10E6C /* TodoDetailViewController.xib */; };
/* End PBXBuildFile section */

/* Begin PBXContainerItemProxy section */
		AE71D1372886C54300B10E6C /* PBXContainerItemProxy */ = {
			isa = PBXContainerItemProxy;
			containerPortal = AE71D1152886C54100B10E6C /* Project object */;
			proxyType = 1;
			remoteGlobalIDString = AE71D11C2886C54100B10E6C;
			remoteInfo = TodoList;
		};
		AE71D1412886C54300B10E6C /* PBXContainerItemProxy */ = {
			isa = PBXContainerItemProxy;
			containerPortal = AE71D1152886C54100B10E6C /* Project object */;
			proxyType = 1;
			remoteGlobalIDString = AE71D11C2886C54100B10E6C;
			remoteInfo = TodoList;
		};
/* End PBXContainerItemProxy section */

/* Begin PBXFileReference section */
		AE71D11D2886C54100B10E6C /* TodoList.app */ = {isa = PBXFileReference; explicitFileType = wrapper.application; includeInIndex = 0; path = TodoList.app; sourceTree = BUILT_PRODUCTS_DIR; };
		AE71D1202886C54100B10E6C /* AppDelegate.swift */ = {isa = PBXFileReference; lastKnownFileType = sourcecode.swift; path = AppDelegate.swift; sourceTree = "<group>"; };
		AE71D1222886C54100B10E6C /* SceneDelegate.swift */ = {isa = PBXFileReference; lastKnownFileType = sourcecode.swift; path = SceneDelegate.swift; sourceTree = "<group>"; };
		AE71D1242886C54100B10E6C /* ViewController.swift */ = {isa = PBXFileReference; lastKnownFileType = sourcecode.swift; path = ViewController.swift; sourceTree = "<group>"; };
		AE71D1272886C54100B10E6C /* Base */ = {isa = PBXFileReference; lastKnownFileType = file.storyboard; name = Base; path = Base.lproj/Main.storyboard; sourceTree = "<group>"; };
		AE71D12A2886C54100B10E6C /* TodoList.xcdatamodel */ = {isa = PBXFileReference; lastKnownFileType = wrapper.xcdatamodel; path = TodoList.xcdatamodel; sourceTree = "<group>"; };
		AE71D12C2886C54300B10E6C /* Assets.xcassets */ = {isa = PBXFileReference; lastKnownFileType = folder.assetcatalog; path = Assets.xcassets; sourceTree = "<group>"; };
		AE71D12F2886C54300B10E6C /* Base */ = {isa = PBXFileReference; lastKnownFileType = file.storyboard; name = Base; path = Base.lproj/LaunchScreen.storyboard; sourceTree = "<group>"; };
		AE71D1312886C54300B10E6C /* Info.plist */ = {isa = PBXFileReference; lastKnownFileType = text.plist.xml; path = Info.plist; sourceTree = "<group>"; };
		AE71D1362886C54300B10E6C /* TodoListTests.xctest */ = {isa = PBXFileReference; explicitFileType = wrapper.cfbundle; includeInIndex = 0; path = TodoListTests.xctest; sourceTree = BUILT_PRODUCTS_DIR; };
		AE71D13A2886C54300B10E6C /* TodoListTests.swift */ = {isa = PBXFileReference; lastKnownFileType = sourcecode.swift; path = TodoListTests.swift; sourceTree = "<group>"; };
		AE71D1402886C54300B10E6C /* TodoListUITests.xctest */ = {isa = PBXFileReference; explicitFileType = wrapper.cfbundle; includeInIndex = 0; path = TodoListUITests.xctest; sourceTree = BUILT_PRODUCTS_DIR; };
		AE71D1442886C54300B10E6C /* TodoListUITests.swift */ = {isa = PBXFileReference; lastKnownFileType = sourcecode.swift; path = TodoListUITests.swift; sourceTree = "<group>"; };
		AE71D1462886C54300B10E6C /* TodoListUITestsLaunchTests.swift */ = {isa = PBXFileReference; lastKnownFileType = sourcecode.swift; path = TodoListUITestsLaunchTests.swift; sourceTree = "<group>"; };
		AE71D1532886C87A00B10E6C /* TodoCell.swift */ = {isa = PBXFileReference; lastKnownFileType = sourcecode.swift; path = TodoCell.swift; sourceTree = "<group>"; };
		AE71D1552886D06700B10E6C /* TodoDetailViewController.swift */ = {isa = PBXFileReference; lastKnownFileType = sourcecode.swift; path = TodoDetailViewController.swift; sourceTree = "<group>"; };
		AE71D1562886D06700B10E6C /* TodoDetailViewController.xib */ = {isa = PBXFileReference; lastKnownFileType = file.xib; path = TodoDetailViewController.xib; sourceTree = "<group>"; };
/* End PBXFileReference section */

/* Begin PBXFrameworksBuildPhase section */
		AE71D11A2886C54100B10E6C /* Frameworks */ = {
			isa = PBXFrameworksBuildPhase;
			buildActionMask = 2147483647;
			files = (
			);
			runOnlyForDeploymentPostprocessing = 0;
		};
		AE71D1332886C54300B10E6C /* Frameworks */ = {
			isa = PBXFrameworksBuildPhase;
			buildActionMask = 2147483647;
			files = (
			);
			runOnlyForDeploymentPostprocessing = 0;
		};
		AE71D13D2886C54300B10E6C /* Frameworks */ = {
			isa = PBXFrameworksBuildPhase;
			buildActionMask = 2147483647;
			files = (
			);
			runOnlyForDeploymentPostprocessing = 0;
		};
/* End PBXFrameworksBuildPhase section */

/* Begin PBXGroup section */
		AE71D1142886C54100B10E6C = {
			isa = PBXGroup;
			children = (
				AE71D11F2886C54100B10E6C /* TodoList */,
				AE71D1392886C54300B10E6C /* TodoListTests */,
				AE71D1432886C54300B10E6C /* TodoListUITests */,
				AE71D11E2886C54100B10E6C /* Products */,
			);
			sourceTree = "<group>";
		};
		AE71D11E2886C54100B10E6C /* Products */ = {
			isa = PBXGroup;
			children = (
				AE71D11D2886C54100B10E6C /* TodoList.app */,
				AE71D1362886C54300B10E6C /* TodoListTests.xctest */,
				AE71D1402886C54300B10E6C /* TodoListUITests.xctest */,
			);
			name = Products;
			sourceTree = "<group>";
		};
		AE71D11F2886C54100B10E6C /* TodoList */ = {
			isa = PBXGroup;
			children = (
				AE71D1202886C54100B10E6C /* AppDelegate.swift */,
				AE71D1222886C54100B10E6C /* SceneDelegate.swift */,
				AE71D1242886C54100B10E6C /* ViewController.swift */,
				AE71D1532886C87A00B10E6C /* TodoCell.swift */,
				AE71D1552886D06700B10E6C /* TodoDetailViewController.swift */,
				AE71D1562886D06700B10E6C /* TodoDetailViewController.xib */,
				AE71D1262886C54100B10E6C /* Main.storyboard */,
				AE71D12C2886C54300B10E6C /* Assets.xcassets */,
				AE71D12E2886C54300B10E6C /* LaunchScreen.storyboard */,
				AE71D1312886C54300B10E6C /* Info.plist */,
				AE71D1292886C54100B10E6C /* TodoList.xcdatamodeld */,
			);
			path = TodoList;
			sourceTree = "<group>";
		};
		AE71D1392886C54300B10E6C /* TodoListTests */ = {
			isa = PBXGroup;
			children = (
				AE71D13A2886C54300B10E6C /* TodoListTests.swift */,
			);
			path = TodoListTests;
			sourceTree = "<group>";
		};
		AE71D1432886C54300B10E6C /* TodoListUITests */ = {
			isa = PBXGroup;
			children = (
				AE71D1442886C54300B10E6C /* TodoListUITests.swift */,
				AE71D1462886C54300B10E6C /* TodoListUITestsLaunchTests.swift */,
			);
			path = TodoListUITests;
			sourceTree = "<group>";
		};
/* End PBXGroup section */

/* Begin PBXNativeTarget section */
		AE71D11C2886C54100B10E6C /* TodoList */ = {
			isa = PBXNativeTarget;
			buildConfigurationList = AE71D14A2886C54300B10E6C /* Build configuration list for PBXNativeTarget "TodoList" */;
			buildPhases = (
				AE71D1192886C54100B10E6C /* Sources */,
				AE71D11A2886C54100B10E6C /* Frameworks */,
				AE71D11B2886C54100B10E6C /* Resources */,
			);
			buildRules = (
			);
			dependencies = (
			);
			name = TodoList;
			productName = TodoList;
			productReference = AE71D11D2886C54100B10E6C /* TodoList.app */;
			productType = "com.apple.product-type.application";
		};
		AE71D1352886C54300B10E6C /* TodoListTests */ = {
			isa = PBXNativeTarget;
			buildConfigurationList = AE71D14D2886C54300B10E6C /* Build configuration list for PBXNativeTarget "TodoListTests" */;
			buildPhases = (
				AE71D1322886C54300B10E6C /* Sources */,
				AE71D1332886C54300B10E6C /* Frameworks */,
				AE71D1342886C54300B10E6C /* Resources */,
			);
			buildRules = (
			);
			dependencies = (
				AE71D1382886C54300B10E6C /* PBXTargetDependency */,
			);
			name = TodoListTests;
			productName = TodoListTests;
			productReference = AE71D1362886C54300B10E6C /* TodoListTests.xctest */;
			productType = "com.apple.product-type.bundle.unit-test";
		};
		AE71D13F2886C54300B10E6C /* TodoListUITests */ = {
			isa = PBXNativeTarget;
			buildConfigurationList = AE71D1502886C54300B10E6C /* Build configuration list for PBXNativeTarget "TodoListUITests" */;
			buildPhases = (
				AE71D13C2886C54300B10E6C /* Sources */,
				AE71D13D2886C54300B10E6C /* Frameworks */,
				AE71D13E2886C54300B10E6C /* Resources */,
			);
			buildRules = (
			);
			dependencies = (
				AE71D1422886C54300B10E6C /* PBXTargetDependency */,
			);
			name = TodoListUITests;
			productName = TodoListUITests;
			productReference = AE71D1402886C54300B10E6C /* TodoListUITests.xctest */;
			productType = "com.apple.product-type.bundle.ui-testing";
		};
/* End PBXNativeTarget section */

/* Begin PBXProject section */
		AE71D1152886C54100B10E6C /* Project object */ = {
			isa = PBXProject;
			attributes = {
				BuildIndependentTargetsInParallel = 1;
				LastSwiftUpdateCheck = 1340;
				LastUpgradeCheck = 1340;
				TargetAttributes = {
					AE71D11C2886C54100B10E6C = {
						CreatedOnToolsVersion = 13.4.1;
					};
					AE71D1352886C54300B10E6C = {
						CreatedOnToolsVersion = 13.4.1;
						TestTargetID = AE71D11C2886C54100B10E6C;
					};
					AE71D13F2886C54300B10E6C = {
						CreatedOnToolsVersion = 13.4.1;
						TestTargetID = AE71D11C2886C54100B10E6C;
					};
				};
			};
			buildConfigurationList = AE71D1182886C54100B10E6C /* Build configuration list for PBXProject "TodoList" */;
			compatibilityVersion = "Xcode 13.0";
			developmentRegion = en;
			hasScannedForEncodings = 0;
			knownRegions = (
				en,
				Base,
			);
			mainGroup = AE71D1142886C54100B10E6C;
			productRefGroup = AE71D11E2886C54100B10E6C /* Products */;
			projectDirPath = "";
			projectRoot = "";
			targets = (
				AE71D11C2886C54100B10E6C /* TodoList */,
				AE71D1352886C54300B10E6C /* TodoListTests */,
				AE71D13F2886C54300B10E6C /* TodoListUITests */,
			);
		};
/* End PBXProject section */

/* Begin PBXResourcesBuildPhase section */
		AE71D11B2886C54100B10E6C /* Resources */ = {
			isa = PBXResourcesBuildPhase;
			buildActionMask = 2147483647;
			files = (
				AE71D1302886C54300B10E6C /* LaunchScreen.storyboard in Resources */,
				AE71D1582886D06700B10E6C /* TodoDetailViewController.xib in Resources */,
				AE71D12D2886C54300B10E6C /* Assets.xcassets in Resources */,
				AE71D1282886C54100B10E6C /* Main.storyboard in Resources */,
			);
			runOnlyForDeploymentPostprocessing = 0;
		};
		AE71D1342886C54300B10E6C /* Resources */ = {
			isa = PBXResourcesBuildPhase;
			buildActionMask = 2147483647;
			files = (
			);
			runOnlyForDeploymentPostprocessing = 0;
		};
		AE71D13E2886C54300B10E6C /* Resources */ = {
			isa = PBXResourcesBuildPhase;
			buildActionMask = 2147483647;
			files = (
			);
			runOnlyForDeploymentPostprocessing = 0;
		};
/* End PBXResourcesBuildPhase section */

/* Begin PBXSourcesBuildPhase section */
		AE71D1192886C54100B10E6C /* Sources */ = {
			isa = PBXSourcesBuildPhase;
			buildActionMask = 2147483647;
			files = (
				AE71D1252886C54100B10E6C /* ViewController.swift in Sources */,
				AE71D1212886C54100B10E6C /* AppDelegate.swift in Sources */,
				AE71D1232886C54100B10E6C /* SceneDelegate.swift in Sources */,
				AE71D1542886C87B00B10E6C /* TodoCell.swift in Sources */,
				AE71D12B2886C54100B10E6C /* TodoList.xcdatamodeld in Sources */,
				AE71D1572886D06700B10E6C /* TodoDetailViewController.swift in Sources */,
			);
			runOnlyForDeploymentPostprocessing = 0;
		};
		AE71D1322886C54300B10E6C /* Sources */ = {
			isa = PBXSourcesBuildPhase;
			buildActionMask = 2147483647;
			files = (
				AE71D13B2886C54300B10E6C /* TodoListTests.swift in Sources */,
			);
			runOnlyForDeploymentPostprocessing = 0;
		};
		AE71D13C2886C54300B10E6C /* Sources */ = {
			isa = PBXSourcesBuildPhase;
			buildActionMask = 2147483647;
			files = (
				AE71D1472886C54300B10E6C /* TodoListUITestsLaunchTests.swift in Sources */,
				AE71D1452886C54300B10E6C /* TodoListUITests.swift in Sources */,
			);
			runOnlyForDeploymentPostprocessing = 0;
		};
/* End PBXSourcesBuildPhase section */

/* Begin PBXTargetDependency section */
		AE71D1382886C54300B10E6C /* PBXTargetDependency */ = {
			isa = PBXTargetDependency;
			target = AE71D11C2886C54100B10E6C /* TodoList */;
			targetProxy = AE71D1372886C54300B10E6C /* PBXContainerItemProxy */;
		};
		AE71D1422886C54300B10E6C /* PBXTargetDependency */ = {
			isa = PBXTargetDependency;
			target = AE71D11C2886C54100B10E6C /* TodoList */;
			targetProxy = AE71D1412886C54300B10E6C /* PBXContainerItemProxy */;
		};
/* End PBXTargetDependency section */

/* Begin PBXVariantGroup section */
		AE71D1262886C54100B10E6C /* Main.storyboard */ = {
			isa = PBXVariantGroup;
			children = (
				AE71D1272886C54100B10E6C /* Base */,
			);
			name = Main.storyboard;
			sourceTree = "<group>";
		};
		AE71D12E2886C54300B10E6C /* LaunchScreen.storyboard */ = {
			isa = PBXVariantGroup;
			children = (
				AE71D12F2886C54300B10E6C /* Base */,
			);
			name = LaunchScreen.storyboard;
			sourceTree = "<group>";
		};
/* End PBXVariantGroup section */

/* Begin XCBuildConfiguration section */
		AE71D1482886C54300B10E6C /* Debug */ = {
			isa = XCBuildConfiguration;
			buildSettings = {
				ALWAYS_SEARCH_USER_PATHS = NO;
				CLANG_ANALYZER_NONNULL = YES;
				CLANG_ANALYZER_NUMBER_OBJECT_CONVERSION = YES_AGGRESSIVE;
				CLANG_CXX_LANGUAGE_STANDARD = "gnu++17";
				CLANG_ENABLE_MODULES = YES;
				CLANG_ENABLE_OBJC_ARC = YES;
				CLANG_ENABLE_OBJC_WEAK = YES;
				CLANG_WARN_BLOCK_CAPTURE_AUTORELEASING = YES;
				CLANG_WARN_BOOL_CONVERSION = YES;
				CLANG_WARN_COMMA = YES;
				CLANG_WARN_CONSTANT_CONVERSION = YES;
				CLANG_WARN_DEPRECATED_OBJC_IMPLEMENTATIONS = YES;
				CLANG_WARN_DIRECT_OBJC_ISA_USAGE = YES_ERROR;
				CLANG_WARN_DOCUMENTATION_COMMENTS = YES;
				CLANG_WARN_EMPTY_BODY = YES;
				CLANG_WARN_ENUM_CONVERSION = YES;
				CLANG_WARN_INFINITE_RECURSION = YES;
				CLANG_WARN_INT_CONVERSION = YES;
				CLANG_WARN_NON_LITERAL_NULL_CONVERSION = YES;
				CLANG_WARN_OBJC_IMPLICIT_RETAIN_SELF = YES;
				CLANG_WARN_OBJC_LITERAL_CONVERSION = YES;
				CLANG_WARN_OBJC_ROOT_CLASS = YES_ERROR;
				CLANG_WARN_QUOTED_INCLUDE_IN_FRAMEWORK_HEADER = YES;
				CLANG_WARN_RANGE_LOOP_ANALYSIS = YES;
				CLANG_WARN_STRICT_PROTOTYPES = YES;
				CLANG_WARN_SUSPICIOUS_MOVE = YES;
				CLANG_WARN_UNGUARDED_AVAILABILITY = YES_AGGRESSIVE;
				CLANG_WARN_UNREACHABLE_CODE = YES;
				CLANG_WARN__DUPLICATE_METHOD_MATCH = YES;
				COPY_PHASE_STRIP = NO;
				DEBUG_INFORMATION_FORMAT = dwarf;
				ENABLE_STRICT_OBJC_MSGSEND = YES;
				ENABLE_TESTABILITY = YES;
				GCC_C_LANGUAGE_STANDARD = gnu11;
				GCC_DYNAMIC_NO_PIC = NO;
				GCC_NO_COMMON_BLOCKS = YES;
				GCC_OPTIMIZATION_LEVEL = 0;
				GCC_PREPROCESSOR_DEFINITIONS = (
					"DEBUG=1",
					"$(inherited)",
				);
				GCC_WARN_64_TO_32_BIT_CONVERSION = YES;
				GCC_WARN_ABOUT_RETURN_TYPE = YES_ERROR;
				GCC_WARN_UNDECLARED_SELECTOR = YES;
				GCC_WARN_UNINITIALIZED_AUTOS = YES_AGGRESSIVE;
				GCC_WARN_UNUSED_FUNCTION = YES;
				GCC_WARN_UNUSED_VARIABLE = YES;
				IPHONEOS_DEPLOYMENT_TARGET = 15.5;
				MTL_ENABLE_DEBUG_INFO = INCLUDE_SOURCE;
				MTL_FAST_MATH = YES;
				ONLY_ACTIVE_ARCH = YES;
				SDKROOT = iphoneos;
				SWIFT_ACTIVE_COMPILATION_CONDITIONS = DEBUG;
				SWIFT_OPTIMIZATION_LEVEL = "-Onone";
			};
			name = Debug;
		};
		AE71D1492886C54300B10E6C /* Release */ = {
			isa = XCBuildConfiguration;
			buildSettings = {
				ALWAYS_SEARCH_USER_PATHS = NO;
				CLANG_ANALYZER_NONNULL = YES;
				CLANG_ANALYZER_NUMBER_OBJECT_CONVERSION = YES_AGGRESSIVE;
				CLANG_CXX_LANGUAGE_STANDARD = "gnu++17";
				CLANG_ENABLE_MODULES = YES;
				CLANG_ENABLE_OBJC_ARC = YES;
				CLANG_ENABLE_OBJC_WEAK = YES;
				CLANG_WARN_BLOCK_CAPTURE_AUTORELEASING = YES;
				CLANG_WARN_BOOL_CONVERSION = YES;
				CLANG_WARN_COMMA = YES;
				CLANG_WARN_CONSTANT_CONVERSION = YES;
				CLANG_WARN_DEPRECATED_OBJC_IMPLEMENTATIONS = YES;
				CLANG_WARN_DIRECT_OBJC_ISA_USAGE = YES_ERROR;
				CLANG_WARN_DOCUMENTATION_COMMENTS = YES;
				CLANG_WARN_EMPTY_BODY = YES;
				CLANG_WARN_ENUM_CONVERSION = YES;
				CLANG_WARN_INFINITE_RECURSION = YES;
				CLANG_WARN_INT_CONVERSION = YES;
				CLANG_WARN_NON_LITERAL_NULL_CONVERSION = YES;
				CLANG_WARN_OBJC_IMPLICIT_RETAIN_SELF = YES;
				CLANG_WARN_OBJC_LITERAL_CONVERSION = YES;
				CLANG_WARN_OBJC_ROOT_CLASS = YES_ERROR;
				CLANG_WARN_QUOTED_INCLUDE_IN_FRAMEWORK_HEADER = YES;
				CLANG_WARN_RANGE_LOOP_ANALYSIS = YES;
				CLANG_WARN_STRICT_PROTOTYPES = YES;
				CLANG_WARN_SUSPICIOUS_MOVE = YES;
				CLANG_WARN_UNGUARDED_AVAILABILITY = YES_AGGRESSIVE;
				CLANG_WARN_UNREACHABLE_CODE = YES;
				CLANG_WARN__DUPLICATE_METHOD_MATCH = YES;
				COPY_PHASE_STRIP = NO;
				DEBUG_INFORMATION_FORMAT = "dwarf-with-dsym";
				ENABLE_NS_ASSERTIONS = NO;
				ENABLE_STRICT_OBJC_MSGSEND = YES;
				GCC_C_LANGUAGE_STANDARD = gnu11;
				GCC_NO_COMMON_BLOCKS = YES;
				GCC_WARN_64_TO_32_BIT_CONVERSION = YES;
				GCC_WARN_ABOUT_RETURN_TYPE = YES_ERROR;
				GCC_WARN_UNDECLARED_SELECTOR = YES;
				GCC_WARN_UNINITIALIZED_AUTOS = YES_AGGRESSIVE;
				GCC_WARN_UNUSED_FUNCTION = YES;
				GCC_WARN_UNUSED_VARIABLE = YES;
				IPHONEOS_DEPLOYMENT_TARGET = 15.5;
				MTL_ENABLE_DEBUG_INFO = NO;
				MTL_FAST_MATH = YES;
				SDKROOT = iphoneos;
				SWIFT_COMPILATION_MODE = wholemodule;
				SWIFT_OPTIMIZATION_LEVEL = "-O";
				VALIDATE_PRODUCT = YES;
			};
			name = Release;
		};
		AE71D14B2886C54300B10E6C /* Debug */ = {
			isa = XCBuildConfiguration;
			buildSettings = {
				ASSETCATALOG_COMPILER_APPICON_NAME = AppIcon;
				ASSETCATALOG_COMPILER_GLOBAL_ACCENT_COLOR_NAME = AccentColor;
				CODE_SIGN_STYLE = Automatic;
				CURRENT_PROJECT_VERSION = 1;
				GENERATE_INFOPLIST_FILE = YES;
				INFOPLIST_FILE = TodoList/Info.plist;
				INFOPLIST_KEY_UIApplicationSupportsIndirectInputEvents = YES;
				INFOPLIST_KEY_UILaunchStoryboardName = LaunchScreen;
				INFOPLIST_KEY_UIMainStoryboardFile = Main;
				INFOPLIST_KEY_UISupportedInterfaceOrientations = "UIInterfaceOrientationPortrait UIInterfaceOrientationLandscapeLeft UIInterfaceOrientationLandscapeRight";
				INFOPLIST_KEY_UISupportedInterfaceOrientations_iPad = "UIInterfaceOrientationPortrait UIInterfaceOrientationPortraitUpsideDown UIInterfaceOrientationLandscapeLeft UIInterfaceOrientationLandscapeRight";
				INFOPLIST_KEY_UISupportedInterfaceOrientations_iPhone = "UIInterfaceOrientationPortrait UIInterfaceOrientationLandscapeLeft UIInterfaceOrientationLandscapeRight";
				LD_RUNPATH_SEARCH_PATHS = (
					"$(inherited)",
					"@executable_path/Frameworks",
				);
				MARKETING_VERSION = 1.0;
				PRODUCT_BUNDLE_IDENTIFIER = yeojin.SeSAC.TodoList;
				PRODUCT_NAME = "$(TARGET_NAME)";
				SWIFT_EMIT_LOC_STRINGS = YES;
				SWIFT_VERSION = 5.0;
				TARGETED_DEVICE_FAMILY = 1;
			};
			name = Debug;
		};
		AE71D14C2886C54300B10E6C /* Release */ = {
			isa = XCBuildConfiguration;
			buildSettings = {
				ASSETCATALOG_COMPILER_APPICON_NAME = AppIcon;
				ASSETCATALOG_COMPILER_GLOBAL_ACCENT_COLOR_NAME = AccentColor;
				CODE_SIGN_STYLE = Automatic;
				CURRENT_PROJECT_VERSION = 1;
				GENERATE_INFOPLIST_FILE = YES;
				INFOPLIST_FILE = TodoList/Info.plist;
				INFOPLIST_KEY_UIApplicationSupportsIndirectInputEvents = YES;
				INFOPLIST_KEY_UILaunchStoryboardName = LaunchScreen;
				INFOPLIST_KEY_UIMainStoryboardFile = Main;
				INFOPLIST_KEY_UISupportedInterfaceOrientations = "UIInterfaceOrientationPortrait UIInterfaceOrientationLandscapeLeft UIInterfaceOrientationLandscapeRight";
				INFOPLIST_KEY_UISupportedInterfaceOrientations_iPad = "UIInterfaceOrientationPortrait UIInterfaceOrientationPortraitUpsideDown UIInterfaceOrientationLandscapeLeft UIInterfaceOrientationLandscapeRight";
				INFOPLIST_KEY_UISupportedInterfaceOrientations_iPhone = "UIInterfaceOrientationPortrait UIInterfaceOrientationLandscapeLeft UIInterfaceOrientationLandscapeRight";
				LD_RUNPATH_SEARCH_PATHS = (
					"$(inherited)",
					"@executable_path/Frameworks",
				);
				MARKETING_VERSION = 1.0;
				PRODUCT_BUNDLE_IDENTIFIER = yeojin.SeSAC.TodoList;
				PRODUCT_NAME = "$(TARGET_NAME)";
				SWIFT_EMIT_LOC_STRINGS = YES;
				SWIFT_VERSION = 5.0;
				TARGETED_DEVICE_FAMILY = 1;
			};
			name = Release;
		};
		AE71D14E2886C54300B10E6C /* Debug */ = {
			isa = XCBuildConfiguration;
			buildSettings = {
				ALWAYS_EMBED_SWIFT_STANDARD_LIBRARIES = YES;
				BUNDLE_LOADER = "$(TEST_HOST)";
				CODE_SIGN_STYLE = Automatic;
				CURRENT_PROJECT_VERSION = 1;
				GENERATE_INFOPLIST_FILE = YES;
				IPHONEOS_DEPLOYMENT_TARGET = 15.5;
				MARKETING_VERSION = 1.0;
				PRODUCT_BUNDLE_IDENTIFIER = yeojin.SeSAC.TodoListTests;
				PRODUCT_NAME = "$(TARGET_NAME)";
				SWIFT_EMIT_LOC_STRINGS = NO;
				SWIFT_VERSION = 5.0;
				TARGETED_DEVICE_FAMILY = "1,2";
				TEST_HOST = "$(BUILT_PRODUCTS_DIR)/TodoList.app/TodoList";
			};
			name = Debug;
		};
		AE71D14F2886C54300B10E6C /* Release */ = {
			isa = XCBuildConfiguration;
			buildSettings = {
				ALWAYS_EMBED_SWIFT_STANDARD_LIBRARIES = YES;
				BUNDLE_LOADER = "$(TEST_HOST)";
				CODE_SIGN_STYLE = Automatic;
				CURRENT_PROJECT_VERSION = 1;
				GENERATE_INFOPLIST_FILE = YES;
				IPHONEOS_DEPLOYMENT_TARGET = 15.5;
				MARKETING_VERSION = 1.0;
				PRODUCT_BUNDLE_IDENTIFIER = yeojin.SeSAC.TodoListTests;
				PRODUCT_NAME = "$(TARGET_NAME)";
				SWIFT_EMIT_LOC_STRINGS = NO;
				SWIFT_VERSION = 5.0;
				TARGETED_DEVICE_FAMILY = "1,2";
				TEST_HOST = "$(BUILT_PRODUCTS_DIR)/TodoList.app/TodoList";
			};
			name = Release;
		};
		AE71D1512886C54300B10E6C /* Debug */ = {
			isa = XCBuildConfiguration;
			buildSettings = {
				ALWAYS_EMBED_SWIFT_STANDARD_LIBRARIES = YES;
				CODE_SIGN_STYLE = Automatic;
				CURRENT_PROJECT_VERSION = 1;
				GENERATE_INFOPLIST_FILE = YES;
				MARKETING_VERSION = 1.0;
				PRODUCT_BUNDLE_IDENTIFIER = yeojin.SeSAC.TodoListUITests;
				PRODUCT_NAME = "$(TARGET_NAME)";
				SWIFT_EMIT_LOC_STRINGS = NO;
				SWIFT_VERSION = 5.0;
				TARGETED_DEVICE_FAMILY = "1,2";
				TEST_TARGET_NAME = TodoList;
			};
			name = Debug;
		};
		AE71D1522886C54300B10E6C /* Release */ = {
			isa = XCBuildConfiguration;
			buildSettings = {
				ALWAYS_EMBED_SWIFT_STANDARD_LIBRARIES = YES;
				CODE_SIGN_STYLE = Automatic;
				CURRENT_PROJECT_VERSION = 1;
				GENERATE_INFOPLIST_FILE = YES;
				MARKETING_VERSION = 1.0;
				PRODUCT_BUNDLE_IDENTIFIER = yeojin.SeSAC.TodoListUITests;
				PRODUCT_NAME = "$(TARGET_NAME)";
				SWIFT_EMIT_LOC_STRINGS = NO;
				SWIFT_VERSION = 5.0;
				TARGETED_DEVICE_FAMILY = "1,2";
				TEST_TARGET_NAME = TodoList;
			};
			name = Release;
		};
/* End XCBuildConfiguration section */

/* Begin XCConfigurationList section */
		AE71D1182886C54100B10E6C /* Build configuration list for PBXProject "TodoList" */ = {
			isa = XCConfigurationList;
			buildConfigurations = (
				AE71D1482886C54300B10E6C /* Debug */,
				AE71D1492886C54300B10E6C /* Release */,
			);
			defaultConfigurationIsVisible = 0;
			defaultConfigurationName = Release;
		};
		AE71D14A2886C54300B10E6C /* Build configuration list for PBXNativeTarget "TodoList" */ = {
			isa = XCConfigurationList;
			buildConfigurations = (
				AE71D14B2886C54300B10E6C /* Debug */,
				AE71D14C2886C54300B10E6C /* Release */,
			);
			defaultConfigurationIsVisible = 0;
			defaultConfigurationName = Release;
		};
		AE71D14D2886C54300B10E6C /* Build configuration list for PBXNativeTarget "TodoListTests" */ = {
			isa = XCConfigurationList;
			buildConfigurations = (
				AE71D14E2886C54300B10E6C /* Debug */,
				AE71D14F2886C54300B10E6C /* Release */,
			);
			defaultConfigurationIsVisible = 0;
			defaultConfigurationName = Release;
		};
		AE71D1502886C54300B10E6C /* Build configuration list for PBXNativeTarget "TodoListUITests" */ = {
			isa = XCConfigurationList;
			buildConfigurations = (
				AE71D1512886C54300B10E6C /* Debug */,
				AE71D1522886C54300B10E6C /* Release */,
			);
			defaultConfigurationIsVisible = 0;
			defaultConfigurationName = Release;
		};
/* End XCConfigurationList section */

/* Begin XCVersionGroup section */
		AE71D1292886C54100B10E6C /* TodoList.xcdatamodeld */ = {
			isa = XCVersionGroup;
			children = (
				AE71D12A2886C54100B10E6C /* TodoList.xcdatamodel */,
			);
			currentVersion = AE71D12A2886C54100B10E6C /* TodoList.xcdatamodel */;
			path = TodoList.xcdatamodeld;
			sourceTree = "<group>";
			versionGroupType = wrapper.xcdatamodel;
		};
/* End XCVersionGroup section */
	};
	rootObject = AE71D1152886C54100B10E6C /* Project object */;
}
